{
  "nodes": {
    "flake-utils": {
      "locked": {
        "lastModified": 1644229661,
        "narHash": "sha256-1YdnJAsNy69bpcjuoKdOYQX0YxZBiCYZo4Twxerqv7k=",
        "owner": "numtide",
        "repo": "flake-utils",
        "rev": "3cecb5b042f7f209c56ffd8371b2711a290ec797",
        "type": "github"
      },
      "original": {
        "owner": "numtide",
        "repo": "flake-utils",
        "type": "github"
      }
    },
    "nixpkgs": {
      "locked": {
        "lastModified": 1657115931,
        "narHash": "sha256-eek/9E6Xi2IuUO6ParVxQYHQD/sZbyZ4FEE4FiiLfh8=",
        "owner": "yevhenshymotiuk",
        "repo": "nixpkgs",
        "rev": "745b8972302693ca9f671c26c645cc02548602f5",
        "type": "github"
      },
      "original": {
        "owner": "yevhenshymotiuk",
        "ref": "release-22.05",
        "repo": "nixpkgs",
        "type": "github"
      }
    },
    "root": {
      "inputs": {
        "flake-utils": "flake-utils",
        "nixpkgs": "nixpkgs"
      }
    }
  },
  "root": "root",
  "version": 7
}
