{
  "nodes": {
    "flake-utils": {
      "locked": {
        "lastModified": 1644229661,
        "narHash": "sha256-1YdnJAsNy69bpcjuoKdOYQX0YxZBiCYZo4Twxerqv7k=",
        "owner": "numtide",
        "repo": "flake-utils",
        "rev": "3cecb5b042f7f209c56ffd8371b2711a290ec797",
        "type": "github"
      },
      "original": {
        "owner": "numtide",
        "repo": "flake-utils",
        "type": "github"
      }
    },
    "nixpkgs": {
      "locked": {
        "lastModified": 1645488570,
        "narHash": "sha256-29Fvczhd20K3ol0wbQrFlsUiYUDoGnpOR2XJTdrRnZA=",
        "owner": "yevhenshymotiuk",
        "repo": "nixpkgs",
        "rev": "491ad20776074706da6befe0cb8334f2df23fc00",
        "type": "github"
      },
      "original": {
        "owner": "yevhenshymotiuk",
        "ref": "release-21.11",
        "repo": "nixpkgs",
        "type": "github"
      }
    },
    "root": {
      "inputs": {
        "flake-utils": "flake-utils",
        "nixpkgs": "nixpkgs"
      }
    }
  },
  "root": "root",
  "version": 7
}
